
Microsoft Visual Studio Solution File, Format Version 12.00
# Visual Studio Version 17
VisualStudioVersion = 17.14.36109.1 d17.14
MinimumVisualStudioVersion = 10.0.40219.1
Project("{54A90642-561A-4BB1-A94E-469ADEE60C69}") = "pokemonprokec", "PokemonProkec\pokemonprokec.esproj", "{3AC0C551-72EE-4361-E8A4-041ADCDDCB97}"
EndProject
Global
	GlobalSection(SolutionConfigurationPlatforms) = preSolution
		Debug|Any CPU = Debug|Any CPU
		Release|Any CPU = Release|Any CPU
	EndGlobalSection
	GlobalSection(ProjectConfigurationPlatforms) = postSolution
		{3AC0C551-72EE-4361-E8A4-041ADCDDCB97}.Debug|Any CPU.ActiveCfg = Debug|Any CPU
		{3AC0C551-72EE-4361-E8A4-041ADCDDCB97}.Debug|Any CPU.Build.0 = Debug|Any CPU
		{3AC0C551-72EE-4361-E8A4-041ADCDDCB97}.Debug|Any CPU.Deploy.0 = Debug|Any CPU
		{3AC0C551-72EE-4361-E8A4-041ADCDDCB97}.Release|Any CPU.ActiveCfg = Release|Any CPU
		{3AC0C551-72EE-4361-E8A4-041ADCDDCB97}.Release|Any CPU.Build.0 = Release|Any CPU
		{3AC0C551-72EE-4361-E8A4-041ADCDDCB97}.Release|Any CPU.Deploy.0 = Release|Any CPU
	EndGlobalSection
	GlobalSection(SolutionProperties) = preSolution
		HideSolutionNode = FALSE
	EndGlobalSection
	GlobalSection(ExtensibilityGlobals) = postSolution
		SolutionGuid = {8DCBE45F-55EC-46EA-B4A5-97BD2B3823D0}
	EndGlobalSection
EndGlobal
